// !$*UTF8*$!
{
	archiveVersion = 1;
	classes = {
	};
	objectVersion = 46;
	objects = {

/* Begin PBXBuildFile section */
		9E4548171F0D3B3600FE5A8A /* AppDelegate.swift in Sources */ = {isa = PBXBuildFile; fileRef = 9E4548161F0D3B3600FE5A8A /* AppDelegate.swift */; };
		9E4548191F0D3B3600FE5A8A /* GameScene.sks in Resources */ = {isa = PBXBuildFile; fileRef = 9E4548181F0D3B3600FE5A8A /* GameScene.sks */; };
		9E45481D1F0D3B3600FE5A8A /* GameScene.swift in Sources */ = {isa = PBXBuildFile; fileRef = 9E45481C1F0D3B3600FE5A8A /* GameScene.swift */; };
		9E45481F1F0D3B3600FE5A8A /* GameViewController.swift in Sources */ = {isa = PBXBuildFile; fileRef = 9E45481E1F0D3B3600FE5A8A /* GameViewController.swift */; };
		9E4548221F0D3B3600FE5A8A /* Main.storyboard in Resources */ = {isa = PBXBuildFile; fileRef = 9E4548201F0D3B3600FE5A8A /* Main.storyboard */; };
		9E4548241F0D3B3600FE5A8A /* Assets.xcassets in Resources */ = {isa = PBXBuildFile; fileRef = 9E4548231F0D3B3600FE5A8A /* Assets.xcassets */; };
		9E4548271F0D3B3600FE5A8A /* LaunchScreen.storyboard in Resources */ = {isa = PBXBuildFile; fileRef = 9E4548251F0D3B3600FE5A8A /* LaunchScreen.storyboard */; };
/* End PBXBuildFile section */

/* Begin PBXFileReference section */
		9E4548131F0D3B3600FE5A8A /* SpaceInvader2.app */ = {isa = PBXFileReference; explicitFileType = wrapper.application; includeInIndex = 0; path = SpaceInvader2.app; sourceTree = BUILT_PRODUCTS_DIR; };
		9E4548161F0D3B3600FE5A8A /* AppDelegate.swift */ = {isa = PBXFileReference; lastKnownFileType = sourcecode.swift; path = AppDelegate.swift; sourceTree = "<group>"; };
		9E4548181F0D3B3600FE5A8A /* GameScene.sks */ = {isa = PBXFileReference; lastKnownFileType = file.sks; path = GameScene.sks; sourceTree = "<group>"; };
		9E45481C1F0D3B3600FE5A8A /* GameScene.swift */ = {isa = PBXFileReference; lastKnownFileType = sourcecode.swift; path = GameScene.swift; sourceTree = "<group>"; };
		9E45481E1F0D3B3600FE5A8A /* GameViewController.swift */ = {isa = PBXFileReference; lastKnownFileType = sourcecode.swift; path = GameViewController.swift; sourceTree = "<group>"; };
		9E4548211F0D3B3600FE5A8A /* Base */ = {isa = PBXFileReference; lastKnownFileType = file.storyboard; name = Base; path = Base.lproj/Main.storyboard; sourceTree = "<group>"; };
		9E4548231F0D3B3600FE5A8A /* Assets.xcassets */ = {isa = PBXFileReference; lastKnownFileType = folder.assetcatalog; path = Assets.xcassets; sourceTree = "<group>"; };
		9E4548261F0D3B3600FE5A8A /* Base */ = {isa = PBXFileReference; lastKnownFileType = file.storyboard; name = Base; path = Base.lproj/LaunchScreen.storyboard; sourceTree = "<group>"; };
		9E4548281F0D3B3600FE5A8A /* Info.plist */ = {isa = PBXFileReference; lastKnownFileType = text.plist.xml; path = Info.plist; sourceTree = "<group>"; };
/* End PBXFileReference section */

/* Begin PBXFrameworksBuildPhase section */
		9E4548101F0D3B3600FE5A8A /* Frameworks */ = {
			isa = PBXFrameworksBuildPhase;
			buildActionMask = 2147483647;
			files = (
			);
			runOnlyForDeploymentPostprocessing = 0;
		};
/* End PBXFrameworksBuildPhase section */

/* Begin PBXGroup section */
		9E45480A1F0D3B3600FE5A8A = {
			isa = PBXGroup;
			children = (
				9E4548151F0D3B3600FE5A8A /* SpaceInvader2 */,
				9E4548141F0D3B3600FE5A8A /* Products */,
			);
			sourceTree = "<group>";
		};
		9E4548141F0D3B3600FE5A8A /* Products */ = {
			isa = PBXGroup;
			children = (
				9E4548131F0D3B3600FE5A8A /* SpaceInvader2.app */,
			);
			name = Products;
			sourceTree = "<group>";
		};
		9E4548151F0D3B3600FE5A8A /* SpaceInvader2 */ = {
			isa = PBXGroup;
			children = (
				9E4548161F0D3B3600FE5A8A /* AppDelegate.swift */,
				9E4548181F0D3B3600FE5A8A /* GameScene.sks */,
				9E45481C1F0D3B3600FE5A8A /* GameScene.swift */,
				9E45481E1F0D3B3600FE5A8A /* GameViewController.swift */,
				9E4548201F0D3B3600FE5A8A /* Main.storyboard */,
				9E4548231F0D3B3600FE5A8A /* Assets.xcassets */,
				9E4548251F0D3B3600FE5A8A /* LaunchScreen.storyboard */,
				9E4548281F0D3B3600FE5A8A /* Info.plist */,
			);
			path = SpaceInvader2;
			sourceTree = "<group>";
		};
/* End PBXGroup section */

/* Begin PBXNativeTarget section */
		9E4548121F0D3B3600FE5A8A /* SpaceInvader2 */ = {
			isa = PBXNativeTarget;
			buildConfigurationList = 9E45482B1F0D3B3600FE5A8A /* Build configuration list for PBXNativeTarget "SpaceInvader2" */;
			buildPhases = (
				9E45480F1F0D3B3600FE5A8A /* Sources */,
				9E4548101F0D3B3600FE5A8A /* Frameworks */,
				9E4548111F0D3B3600FE5A8A /* Resources */,
			);
			buildRules = (
			);
			dependencies = (
			);
			name = SpaceInvader2;
			productName = SpaceInvader2;
			productReference = 9E4548131F0D3B3600FE5A8A /* SpaceInvader2.app */;
			productType = "com.apple.product-type.application";
		};
/* End PBXNativeTarget section */

/* Begin PBXProject section */
		9E45480B1F0D3B3600FE5A8A /* Project object */ = {
			isa = PBXProject;
			attributes = {
				LastSwiftUpdateCheck = 0820;
				LastUpgradeCheck = 0820;
				ORGANIZATIONNAME = "Lobsang Tashi";
				TargetAttributes = {
					9E4548121F0D3B3600FE5A8A = {
						CreatedOnToolsVersion = 8.2.1;
						DevelopmentTeam = 8FC9PW965D;
						ProvisioningStyle = Automatic;
					};
				};
			};
			buildConfigurationList = 9E45480E1F0D3B3600FE5A8A /* Build configuration list for PBXProject "SpaceInvader2" */;
			compatibilityVersion = "Xcode 3.2";
			developmentRegion = English;
			hasScannedForEncodings = 0;
			knownRegions = (
				en,
				Base,
			);
			mainGroup = 9E45480A1F0D3B3600FE5A8A;
			productRefGroup = 9E4548141F0D3B3600FE5A8A /* Products */;
			projectDirPath = "";
			projectRoot = "";
			targets = (
				9E4548121F0D3B3600FE5A8A /* SpaceInvader2 */,
			);
		};
/* End PBXProject section */

/* Begin PBXResourcesBuildPhase section */
		9E4548111F0D3B3600FE5A8A /* Resources */ = {
			isa = PBXResourcesBuildPhase;
			buildActionMask = 2147483647;
			files = (
				9E4548221F0D3B3600FE5A8A /* Main.storyboard in Resources */,
				9E4548191F0D3B3600FE5A8A /* GameScene.sks in Resources */,
				9E4548241F0D3B3600FE5A8A /* Assets.xcassets in Resources */,
				9E4548271F0D3B3600FE5A8A /* LaunchScreen.storyboard in Resources */,
			);
			runOnlyForDeploymentPostprocessing = 0;
		};
/* End PBXResourcesBuildPhase section */

/* Begin PBXSourcesBuildPhase section */
		9E45480F1F0D3B3600FE5A8A /* Sources */ = {
			isa = PBXSourcesBuildPhase;
			buildActionMask = 2147483647;
			files = (
				9E45481D1F0D3B3600FE5A8A /* GameScene.swift in Sources */,
				9E45481F1F0D3B3600FE5A8A /* GameViewController.swift in Sources */,
				9E4548171F0D3B3600FE5A8A /* AppDelegate.swift in Sources */,
			);
			runOnlyForDeploymentPostprocessing = 0;
		};
/* End PBXSourcesBuildPhase section */

/* Begin PBXVariantGroup section */
		9E4548201F0D3B3600FE5A8A /* Main.storyboard */ = {
			isa = PBXVariantGroup;
			children = (
				9E4548211F0D3B3600FE5A8A /* Base */,
			);
			name = Main.storyboard;
			sourceTree = "<group>";
		};
		9E4548251F0D3B3600FE5A8A /* LaunchScreen.storyboard */ = {
			isa = PBXVariantGroup;
			children = (
				9E4548261F0D3B3600FE5A8A /* Base */,
			);
			name = LaunchScreen.storyboard;
			sourceTree = "<group>";
		};
/* End PBXVariantGroup section */

/* Begin XCBuildConfiguration section */
		9E4548291F0D3B3600FE5A8A /* Debug */ = {
			isa = XCBuildConfiguration;
			buildSettings = {
				ALWAYS_SEARCH_USER_PATHS = NO;
				CLANG_ANALYZER_NONNULL = YES;
				CLANG_CXX_LANGUAGE_STANDARD = "gnu++0x";
				CLANG_CXX_LIBRARY = "libc++";
				CLANG_ENABLE_MODULES = YES;
				CLANG_ENABLE_OBJC_ARC = YES;
				CLANG_WARN_BOOL_CONVERSION = YES;
				CLANG_WARN_CONSTANT_CONVERSION = YES;
				CLANG_WARN_DIRECT_OBJC_ISA_USAGE = YES_ERROR;
				CLANG_WARN_DOCUMENTATION_COMMENTS = YES;
				CLANG_WARN_EMPTY_BODY = YES;
				CLANG_WARN_ENUM_CONVERSION = YES;
				CLANG_WARN_INFINITE_RECURSION = YES;
				CLANG_WARN_INT_CONVERSION = YES;
				CLANG_WARN_OBJC_ROOT_CLASS = YES_ERROR;
				CLANG_WARN_SUSPICIOUS_MOVE = YES;
				CLANG_WARN_UNREACHABLE_CODE = YES;
				CLANG_WARN__DUPLICATE_METHOD_MATCH = YES;
				"CODE_SIGN_IDENTITY[sdk=iphoneos*]" = "iPhone Developer";
				COPY_PHASE_STRIP = NO;
				DEBUG_INFORMATION_FORMAT = dwarf;
				ENABLE_STRICT_OBJC_MSGSEND = YES;
				ENABLE_TESTABILITY = YES;
				GCC_C_LANGUAGE_STANDARD = gnu99;
				GCC_DYNAMIC_NO_PIC = NO;
				GCC_NO_COMMON_BLOCKS = YES;
				GCC_OPTIMIZATION_LEVEL = 0;
				GCC_PREPROCESSOR_DEFINITIONS = (
					"DEBUG=1",
					"$(inherited)",
				);
				GCC_WARN_64_TO_32_BIT_CONVERSION = YES;
				GCC_WARN_ABOUT_RETURN_TYPE = YES_ERROR;
				GCC_WARN_UNDECLARED_SELECTOR = YES;
				GCC_WARN_UNINITIALIZED_AUTOS = YES_AGGRESSIVE;
				GCC_WARN_UNUSED_FUNCTION = YES;
				GCC_WARN_UNUSED_VARIABLE = YES;
				IPHONEOS_DEPLOYMENT_TARGET = 10.2;
				MTL_ENABLE_DEBUG_INFO = YES;
				ONLY_ACTIVE_ARCH = YES;
				SDKROOT = iphoneos;
				SWIFT_ACTIVE_COMPILATION_CONDITIONS = DEBUG;
				SWIFT_OPTIMIZATION_LEVEL = "-Onone";
				TARGETED_DEVICE_FAMILY = "1,2";
			};
			name = Debug;
		};
		9E45482A1F0D3B3600FE5A8A /* Release */ = {
			isa = XCBuildConfiguration;
			buildSettings = {
				ALWAYS_SEARCH_USER_PATHS = NO;
				CLANG_ANALYZER_NONNULL = YES;
				CLANG_CXX_LANGUAGE_STANDARD = "gnu++0x";
				CLANG_CXX_LIBRARY = "libc++";
				CLANG_ENABLE_MODULES = YES;
				CLANG_ENABLE_OBJC_ARC = YES;
				CLANG_WARN_BOOL_CONVERSION = YES;
				CLANG_WARN_CONSTANT_CONVERSION = YES;
				CLANG_WARN_DIRECT_OBJC_ISA_USAGE = YES_ERROR;
				CLANG_WARN_DOCUMENTATION_COMMENTS = YES;
				CLANG_WARN_EMPTY_BODY = YES;
				CLANG_WARN_ENUM_CONVERSION = YES;
				CLANG_WARN_INFINITE_RECURSION = YES;
				CLANG_WARN_INT_CONVERSION = YES;
				CLANG_WARN_OBJC_ROOT_CLASS = YES_ERROR;
				CLANG_WARN_SUSPICIOUS_MOVE = YES;
				CLANG_WARN_UNREACHABLE_CODE = YES;
				CLANG_WARN__DUPLICATE_METHOD_MATCH = YES;
				"CODE_SIGN_IDENTITY[sdk=iphoneos*]" = "iPhone Developer";
				COPY_PHASE_STRIP = NO;
				DEBUG_INFORMATION_FORMAT = "dwarf-with-dsym";
				ENABLE_NS_ASSERTIONS = NO;
				ENABLE_STRICT_OBJC_MSGSEND = YES;
				GCC_C_LANGUAGE_STANDARD = gnu99;
				GCC_NO_COMMON_BLOCKS = YES;
				GCC_WARN_64_TO_32_BIT_CONVERSION = YES;
				GCC_WARN_ABOUT_RETURN_TYPE = YES_ERROR;
				GCC_WARN_UNDECLARED_SELECTOR = YES;
				GCC_WARN_UNINITIALIZED_AUTOS = YES_AGGRESSIVE;
				GCC_WARN_UNUSED_FUNCTION = YES;
				GCC_WARN_UNUSED_VARIABLE = YES;
				IPHONEOS_DEPLOYMENT_TARGET = 10.2;
				MTL_ENABLE_DEBUG_INFO = NO;
				SDKROOT = iphoneos;
				SWIFT_OPTIMIZATION_LEVEL = "-Owholemodule";
				TARGETED_DEVICE_FAMILY = "1,2";
				VALIDATE_PRODUCT = YES;
			};
			name = Release;
		};
		9E45482C1F0D3B3600FE5A8A /* Debug */ = {
			isa = XCBuildConfiguration;
			buildSettings = {
				ASSETCATALOG_COMPILER_APPICON_NAME = AppIcon;
				DEVELOPMENT_TEAM = 8FC9PW965D;
				INFOPLIST_FILE = SpaceInvader2/Info.plist;
				IPHONEOS_DEPLOYMENT_TARGET = 9.0;
				LD_RUNPATH_SEARCH_PATHS = "$(inherited) @executable_path/Frameworks";
				PRODUCT_BUNDLE_IDENTIFIER = Tash.SpaceInvader2;
				PRODUCT_NAME = "$(TARGET_NAME)";
				SWIFT_VERSION = 3.0;
			};
			name = Debug;
		};
		9E45482D1F0D3B3600FE5A8A /* Release */ = {
			isa = XCBuildConfiguration;
			buildSettings = {
				ASSETCATALOG_COMPILER_APPICON_NAME = AppIcon;
				DEVELOPMENT_TEAM = 8FC9PW965D;
				INFOPLIST_FILE = SpaceInvader2/Info.plist;
				IPHONEOS_DEPLOYMENT_TARGET = 9.0;
				LD_RUNPATH_SEARCH_PATHS = "$(inherited) @executable_path/Frameworks";
				PRODUCT_BUNDLE_IDENTIFIER = Tash.SpaceInvader2;
				PRODUCT_NAME = "$(TARGET_NAME)";
				SWIFT_VERSION = 3.0;
			};
			name = Release;
		};
/* End XCBuildConfiguration section */

/* Begin XCConfigurationList section */
		9E45480E1F0D3B3600FE5A8A /* Build configuration list for PBXProject "SpaceInvader2" */ = {
			isa = XCConfigurationList;
			buildConfigurations = (
				9E4548291F0D3B3600FE5A8A /* Debug */,
				9E45482A1F0D3B3600FE5A8A /* Release */,
			);
			defaultConfigurationIsVisible = 0;
			defaultConfigurationName = Release;
		};
		9E45482B1F0D3B3600FE5A8A /* Build configuration list for PBXNativeTarget "SpaceInvader2" */ = {
			isa = XCConfigurationList;
			buildConfigurations = (
				9E45482C1F0D3B3600FE5A8A /* Debug */,
				9E45482D1F0D3B3600FE5A8A /* Release */,
			);
			defaultConfigurationIsVisible = 0;
			defaultConfigurationName = Release;
		};
/* End XCConfigurationList section */
	};
	rootObject = 9E45480B1F0D3B3600FE5A8A /* Project object */;
}
